// !$*UTF8*$!
{
	archiveVersion = 1;
	classes = {
	};
	objectVersion = 46;
	objects = {

/* Begin PBXBuildFile section */
		96B388E71AE01CF200BCB31C /* AppDelegate.swift in Sources */ = {isa = PBXBuildFile; fileRef = 96B388E61AE01CF200BCB31C /* AppDelegate.swift */; };
		96B388E91AE01CF200BCB31C /* ViewController.swift in Sources */ = {isa = PBXBuildFile; fileRef = 96B388E81AE01CF200BCB31C /* ViewController.swift */; };
		96B388EC1AE01CF200BCB31C /* Main.storyboard in Resources */ = {isa = PBXBuildFile; fileRef = 96B388EA1AE01CF200BCB31C /* Main.storyboard */; };
		96B388EE1AE01CF200BCB31C /* Images.xcassets in Resources */ = {isa = PBXBuildFile; fileRef = 96B388ED1AE01CF200BCB31C /* Images.xcassets */; };
		96B388F11AE01CF200BCB31C /* LaunchScreen.xib in Resources */ = {isa = PBXBuildFile; fileRef = 96B388EF1AE01CF200BCB31C /* LaunchScreen.xib */; };
		96B388FD1AE01CF200BCB31C /* Layout_ExampleTests.swift in Sources */ = {isa = PBXBuildFile; fileRef = 96B388FC1AE01CF200BCB31C /* Layout_ExampleTests.swift */; };
/* End PBXBuildFile section */

/* Begin PBXContainerItemProxy section */
		96B388F71AE01CF200BCB31C /* PBXContainerItemProxy */ = {
			isa = PBXContainerItemProxy;
			containerPortal = 96B388D91AE01CF200BCB31C /* Project object */;
			proxyType = 1;
			remoteGlobalIDString = 96B388E01AE01CF200BCB31C;
			remoteInfo = "Layout Example";
		};
/* End PBXContainerItemProxy section */

/* Begin PBXFileReference section */
		96B388E11AE01CF200BCB31C /* Layout Example.app */ = {isa = PBXFileReference; explicitFileType = wrapper.application; includeInIndex = 0; path = "Layout Example.app"; sourceTree = BUILT_PRODUCTS_DIR; };
		96B388E51AE01CF200BCB31C /* Info.plist */ = {isa = PBXFileReference; lastKnownFileType = text.plist.xml; path = Info.plist; sourceTree = "<group>"; };
		96B388E61AE01CF200BCB31C /* AppDelegate.swift */ = {isa = PBXFileReference; lastKnownFileType = sourcecode.swift; path = AppDelegate.swift; sourceTree = "<group>"; };
		96B388E81AE01CF200BCB31C /* ViewController.swift */ = {isa = PBXFileReference; lastKnownFileType = sourcecode.swift; path = ViewController.swift; sourceTree = "<group>"; };
		96B388EB1AE01CF200BCB31C /* Base */ = {isa = PBXFileReference; lastKnownFileType = file.storyboard; name = Base; path = Base.lproj/Main.storyboard; sourceTree = "<group>"; };
		96B388ED1AE01CF200BCB31C /* Images.xcassets */ = {isa = PBXFileReference; lastKnownFileType = folder.assetcatalog; path = Images.xcassets; sourceTree = "<group>"; };
		96B388F01AE01CF200BCB31C /* Base */ = {isa = PBXFileReference; lastKnownFileType = file.xib; name = Base; path = Base.lproj/LaunchScreen.xib; sourceTree = "<group>"; };
		96B388F61AE01CF200BCB31C /* Layout ExampleTests.xctest */ = {isa = PBXFileReference; explicitFileType = wrapper.cfbundle; includeInIndex = 0; path = "Layout ExampleTests.xctest"; sourceTree = BUILT_PRODUCTS_DIR; };
		96B388FB1AE01CF200BCB31C /* Info.plist */ = {isa = PBXFileReference; lastKnownFileType = text.plist.xml; path = Info.plist; sourceTree = "<group>"; };
		96B388FC1AE01CF200BCB31C /* Layout_ExampleTests.swift */ = {isa = PBXFileReference; lastKnownFileType = sourcecode.swift; path = Layout_ExampleTests.swift; sourceTree = "<group>"; };
/* End PBXFileReference section */

/* Begin PBXFrameworksBuildPhase section */
		96B388DE1AE01CF200BCB31C /* Frameworks */ = {
			isa = PBXFrameworksBuildPhase;
			buildActionMask = 2147483647;
			files = (
			);
			runOnlyForDeploymentPostprocessing = 0;
		};
		96B388F31AE01CF200BCB31C /* Frameworks */ = {
			isa = PBXFrameworksBuildPhase;
			buildActionMask = 2147483647;
			files = (
			);
			runOnlyForDeploymentPostprocessing = 0;
		};
/* End PBXFrameworksBuildPhase section */

/* Begin PBXGroup section */
		96B388D81AE01CF200BCB31C = {
			isa = PBXGroup;
			children = (
				96B388E31AE01CF200BCB31C /* Layout Example */,
				96B388F91AE01CF200BCB31C /* Layout ExampleTests */,
				96B388E21AE01CF200BCB31C /* Products */,
			);
			sourceTree = "<group>";
		};
		96B388E21AE01CF200BCB31C /* Products */ = {
			isa = PBXGroup;
			children = (
				96B388E11AE01CF200BCB31C /* Layout Example.app */,
				96B388F61AE01CF200BCB31C /* Layout ExampleTests.xctest */,
			);
			name = Products;
			sourceTree = "<group>";
		};
		96B388E31AE01CF200BCB31C /* Layout Example */ = {
			isa = PBXGroup;
			children = (
				96B388E61AE01CF200BCB31C /* AppDelegate.swift */,
				96B388E81AE01CF200BCB31C /* ViewController.swift */,
				96B388EA1AE01CF200BCB31C /* Main.storyboard */,
				96B388ED1AE01CF200BCB31C /* Images.xcassets */,
				96B388EF1AE01CF200BCB31C /* LaunchScreen.xib */,
				96B388E41AE01CF200BCB31C /* Supporting Files */,
			);
			path = "Layout Example";
			sourceTree = "<group>";
		};
		96B388E41AE01CF200BCB31C /* Supporting Files */ = {
			isa = PBXGroup;
			children = (
				96B388E51AE01CF200BCB31C /* Info.plist */,
			);
			name = "Supporting Files";
			sourceTree = "<group>";
		};
		96B388F91AE01CF200BCB31C /* Layout ExampleTests */ = {
			isa = PBXGroup;
			children = (
				96B388FC1AE01CF200BCB31C /* Layout_ExampleTests.swift */,
				96B388FA1AE01CF200BCB31C /* Supporting Files */,
			);
			path = "Layout ExampleTests";
			sourceTree = "<group>";
		};
		96B388FA1AE01CF200BCB31C /* Supporting Files */ = {
			isa = PBXGroup;
			children = (
				96B388FB1AE01CF200BCB31C /* Info.plist */,
			);
			name = "Supporting Files";
			sourceTree = "<group>";
		};
/* End PBXGroup section */

/* Begin PBXNativeTarget section */
		96B388E01AE01CF200BCB31C /* Layout Example */ = {
			isa = PBXNativeTarget;
			buildConfigurationList = 96B389001AE01CF200BCB31C /* Build configuration list for PBXNativeTarget "Layout Example" */;
			buildPhases = (
				96B388DD1AE01CF200BCB31C /* Sources */,
				96B388DE1AE01CF200BCB31C /* Frameworks */,
				96B388DF1AE01CF200BCB31C /* Resources */,
			);
			buildRules = (
			);
			dependencies = (
			);
			name = "Layout Example";
			productName = "Layout Example";
			productReference = 96B388E11AE01CF200BCB31C /* Layout Example.app */;
			productType = "com.apple.product-type.application";
		};
		96B388F51AE01CF200BCB31C /* Layout ExampleTests */ = {
			isa = PBXNativeTarget;
			buildConfigurationList = 96B389031AE01CF200BCB31C /* Build configuration list for PBXNativeTarget "Layout ExampleTests" */;
			buildPhases = (
				96B388F21AE01CF200BCB31C /* Sources */,
				96B388F31AE01CF200BCB31C /* Frameworks */,
				96B388F41AE01CF200BCB31C /* Resources */,
			);
			buildRules = (
			);
			dependencies = (
				96B388F81AE01CF200BCB31C /* PBXTargetDependency */,
			);
			name = "Layout ExampleTests";
			productName = "Layout ExampleTests";
			productReference = 96B388F61AE01CF200BCB31C /* Layout ExampleTests.xctest */;
			productType = "com.apple.product-type.bundle.unit-test";
		};
/* End PBXNativeTarget section */

/* Begin PBXProject section */
		96B388D91AE01CF200BCB31C /* Project object */ = {
			isa = PBXProject;
			attributes = {
				LastUpgradeCheck = 0630;
				ORGANIZATIONNAME = "Jim Veneskey";
				TargetAttributes = {
					96B388E01AE01CF200BCB31C = {
						CreatedOnToolsVersion = 6.3;
					};
					96B388F51AE01CF200BCB31C = {
						CreatedOnToolsVersion = 6.3;
						TestTargetID = 96B388E01AE01CF200BCB31C;
					};
				};
			};
			buildConfigurationList = 96B388DC1AE01CF200BCB31C /* Build configuration list for PBXProject "Layout Example" */;
			compatibilityVersion = "Xcode 3.2";
			developmentRegion = English;
			hasScannedForEncodings = 0;
			knownRegions = (
				en,
				Base,
			);
			mainGroup = 96B388D81AE01CF200BCB31C;
			productRefGroup = 96B388E21AE01CF200BCB31C /* Products */;
			projectDirPath = "";
			projectRoot = "";
			targets = (
				96B388E01AE01CF200BCB31C /* Layout Example */,
				96B388F51AE01CF200BCB31C /* Layout ExampleTests */,
			);
		};
/* End PBXProject section */

/* Begin PBXResourcesBuildPhase section */
		96B388DF1AE01CF200BCB31C /* Resources */ = {
			isa = PBXResourcesBuildPhase;
			buildActionMask = 2147483647;
			files = (
				96B388EC1AE01CF200BCB31C /* Main.storyboard in Resources */,
				96B388F11AE01CF200BCB31C /* LaunchScreen.xib in Resources */,
				96B388EE1AE01CF200BCB31C /* Images.xcassets in Resources */,
			);
			runOnlyForDeploymentPostprocessing = 0;
		};
		96B388F41AE01CF200BCB31C /* Resources */ = {
			isa = PBXResourcesBuildPhase;
			buildActionMask = 2147483647;
			files = (
			);
			runOnlyForDeploymentPostprocessing = 0;
		};
/* End PBXResourcesBuildPhase section */

/* Begin PBXSourcesBuildPhase section */
		96B388DD1AE01CF200BCB31C /* Sources */ = {
			isa = PBXSourcesBuildPhase;
			buildActionMask = 2147483647;
			files = (
				96B388E91AE01CF200BCB31C /* ViewController.swift in Sources */,
				96B388E71AE01CF200BCB31C /* AppDelegate.swift in Sources */,
			);
			runOnlyForDeploymentPostprocessing = 0;
		};
		96B388F21AE01CF200BCB31C /* Sources */ = {
			isa = PBXSourcesBuildPhase;
			buildActionMask = 2147483647;
			files = (
				96B388FD1AE01CF200BCB31C /* Layout_ExampleTests.swift in Sources */,
			);
			runOnlyForDeploymentPostprocessing = 0;
		};
/* End PBXSourcesBuildPhase section */

/* Begin PBXTargetDependency section */
		96B388F81AE01CF200BCB31C /* PBXTargetDependency */ = {
			isa = PBXTargetDependency;
			target = 96B388E01AE01CF200BCB31C /* Layout Example */;
			targetProxy = 96B388F71AE01CF200BCB31C /* PBXContainerItemProxy */;
		};
/* End PBXTargetDependency section */

/* Begin PBXVariantGroup section */
		96B388EA1AE01CF200BCB31C /* Main.storyboard */ = {
			isa = PBXVariantGroup;
			children = (
				96B388EB1AE01CF200BCB31C /* Base */,
			);
			name = Main.storyboard;
			sourceTree = "<group>";
		};
		96B388EF1AE01CF200BCB31C /* LaunchScreen.xib */ = {
			isa = PBXVariantGroup;
			children = (
				96B388F01AE01CF200BCB31C /* Base */,
			);
			name = LaunchScreen.xib;
			sourceTree = "<group>";
		};
/* End PBXVariantGroup section */

/* Begin XCBuildConfiguration section */
		96B388FE1AE01CF200BCB31C /* Debug */ = {
			isa = XCBuildConfiguration;
			buildSettings = {
				ALWAYS_SEARCH_USER_PATHS = NO;
				CLANG_CXX_LANGUAGE_STANDARD = "gnu++0x";
				CLANG_CXX_LIBRARY = "libc++";
				CLANG_ENABLE_MODULES = YES;
				CLANG_ENABLE_OBJC_ARC = YES;
				CLANG_WARN_BOOL_CONVERSION = YES;
				CLANG_WARN_CONSTANT_CONVERSION = YES;
				CLANG_WARN_DIRECT_OBJC_ISA_USAGE = YES_ERROR;
				CLANG_WARN_EMPTY_BODY = YES;
				CLANG_WARN_ENUM_CONVERSION = YES;
				CLANG_WARN_INT_CONVERSION = YES;
				CLANG_WARN_OBJC_ROOT_CLASS = YES_ERROR;
				CLANG_WARN_UNREACHABLE_CODE = YES;
				CLANG_WARN__DUPLICATE_METHOD_MATCH = YES;
				"CODE_SIGN_IDENTITY[sdk=iphoneos*]" = "iPhone Developer";
				COPY_PHASE_STRIP = NO;
				DEBUG_INFORMATION_FORMAT = "dwarf-with-dsym";
				ENABLE_STRICT_OBJC_MSGSEND = YES;
				GCC_C_LANGUAGE_STANDARD = gnu99;
				GCC_DYNAMIC_NO_PIC = NO;
				GCC_NO_COMMON_BLOCKS = YES;
				GCC_OPTIMIZATION_LEVEL = 0;
				GCC_PREPROCESSOR_DEFINITIONS = (
					"DEBUG=1",
					"$(inherited)",
				);
				GCC_SYMBOLS_PRIVATE_EXTERN = NO;
				GCC_WARN_64_TO_32_BIT_CONVERSION = YES;
				GCC_WARN_ABOUT_RETURN_TYPE = YES_ERROR;
				GCC_WARN_UNDECLARED_SELECTOR = YES;
				GCC_WARN_UNINITIALIZED_AUTOS = YES_AGGRESSIVE;
				GCC_WARN_UNUSED_FUNCTION = YES;
				GCC_WARN_UNUSED_VARIABLE = YES;
				IPHONEOS_DEPLOYMENT_TARGET = 8.3;
				MTL_ENABLE_DEBUG_INFO = YES;
				ONLY_ACTIVE_ARCH = YES;
				SDKROOT = iphoneos;
				SWIFT_OPTIMIZATION_LEVEL = "-Onone";
			};
			name = Debug;
		};
		96B388FF1AE01CF200BCB31C /* Release */ = {
			isa = XCBuildConfiguration;
			buildSettings = {
				ALWAYS_SEARCH_USER_PATHS = NO;
				CLANG_CXX_LANGUAGE_STANDARD = "gnu++0x";
				CLANG_CXX_LIBRARY = "libc++";
				CLANG_ENABLE_MODULES = YES;
				CLANG_ENABLE_OBJC_ARC = YES;
				CLANG_WARN_BOOL_CONVERSION = YES;
				CLANG_WARN_CONSTANT_CONVERSION = YES;
				CLANG_WARN_DIRECT_OBJC_ISA_USAGE = YES_ERROR;
				CLANG_WARN_EMPTY_BODY = YES;
				CLANG_WARN_ENUM_CONVERSION = YES;
				CLANG_WARN_INT_CONVERSION = YES;
				CLANG_WARN_OBJC_ROOT_CLASS = YES_ERROR;
				CLANG_WARN_UNREACHABLE_CODE = YES;
				CLANG_WARN__DUPLICATE_METHOD_MATCH = YES;
				"CODE_SIGN_IDENTITY[sdk=iphoneos*]" = "iPhone Developer";
				COPY_PHASE_STRIP = NO;
				DEBUG_INFORMATION_FORMAT = "dwarf-with-dsym";
				ENABLE_NS_ASSERTIONS = NO;
				ENABLE_STRICT_OBJC_MSGSEND = YES;
				GCC_C_LANGUAGE_STANDARD = gnu99;
				GCC_NO_COMMON_BLOCKS = YES;
				GCC_WARN_64_TO_32_BIT_CONVERSION = YES;
				GCC_WARN_ABOUT_RETURN_TYPE = YES_ERROR;
				GCC_WARN_UNDECLARED_SELECTOR = YES;
				GCC_WARN_UNINITIALIZED_AUTOS = YES_AGGRESSIVE;
				GCC_WARN_UNUSED_FUNCTION = YES;
				GCC_WARN_UNUSED_VARIABLE = YES;
				IPHONEOS_DEPLOYMENT_TARGET = 8.3;
				MTL_ENABLE_DEBUG_INFO = NO;
				SDKROOT = iphoneos;
				VALIDATE_PRODUCT = YES;
			};
			name = Release;
		};
		96B389011AE01CF200BCB31C /* Debug */ = {
			isa = XCBuildConfiguration;
			buildSettings = {
				ASSETCATALOG_COMPILER_APPICON_NAME = AppIcon;
				INFOPLIST_FILE = "Layout Example/Info.plist";
				LD_RUNPATH_SEARCH_PATHS = "$(inherited) @executable_path/Frameworks";
				PRODUCT_NAME = "$(TARGET_NAME)";
			};
			name = Debug;
		};
		96B389021AE01CF200BCB31C /* Release */ = {
			isa = XCBuildConfiguration;
			buildSettings = {
				ASSETCATALOG_COMPILER_APPICON_NAME = AppIcon;
				INFOPLIST_FILE = "Layout Example/Info.plist";
				LD_RUNPATH_SEARCH_PATHS = "$(inherited) @executable_path/Frameworks";
				PRODUCT_NAME = "$(TARGET_NAME)";
			};
			name = Release;
		};
		96B389041AE01CF200BCB31C /* Debug */ = {
			isa = XCBuildConfiguration;
			buildSettings = {
				BUNDLE_LOADER = "$(TEST_HOST)";
				FRAMEWORK_SEARCH_PATHS = (
					"$(SDKROOT)/Developer/Library/Frameworks",
					"$(inherited)",
				);
				GCC_PREPROCESSOR_DEFINITIONS = (
					"DEBUG=1",
					"$(inherited)",
				);
				INFOPLIST_FILE = "Layout ExampleTests/Info.plist";
				LD_RUNPATH_SEARCH_PATHS = "$(inherited) @executable_path/Frameworks @loader_path/Frameworks";
				PRODUCT_NAME = "$(TARGET_NAME)";
				TEST_HOST = "$(BUILT_PRODUCTS_DIR)/Layout Example.app/Layout Example";
			};
			name = Debug;
		};
		96B389051AE01CF200BCB31C /* Release */ = {
			isa = XCBuildConfiguration;
			buildSettings = {
				BUNDLE_LOADER = "$(TEST_HOST)";
				FRAMEWORK_SEARCH_PATHS = (
					"$(SDKROOT)/Developer/Library/Frameworks",
					"$(inherited)",
				);
				INFOPLIST_FILE = "Layout ExampleTests/Info.plist";
				LD_RUNPATH_SEARCH_PATHS = "$(inherited) @executable_path/Frameworks @loader_path/Frameworks";
				PRODUCT_NAME = "$(TARGET_NAME)";
				TEST_HOST = "$(BUILT_PRODUCTS_DIR)/Layout Example.app/Layout Example";
			};
			name = Release;
		};
/* End XCBuildConfiguration section */

/* Begin XCConfigurationList section */
		96B388DC1AE01CF200BCB31C /* Build configuration list for PBXProject "Layout Example" */ = {
			isa = XCConfigurationList;
			buildConfigurations = (
				96B388FE1AE01CF200BCB31C /* Debug */,
				96B388FF1AE01CF200BCB31C /* Release */,
			);
			defaultConfigurationIsVisible = 0;
			defaultConfigurationName = Release;
		};
		96B389001AE01CF200BCB31C /* Build configuration list for PBXNativeTarget "Layout Example" */ = {
			isa = XCConfigurationList;
			buildConfigurations = (
				96B389011AE01CF200BCB31C /* Debug */,
				96B389021AE01CF200BCB31C /* Release */,
			);
			defaultConfigurationIsVisible = 0;
		};
		96B389031AE01CF200BCB31C /* Build configuration list for PBXNativeTarget "Layout ExampleTests" */ = {
			isa = XCConfigurationList;
			buildConfigurations = (
				96B389041AE01CF200BCB31C /* Debug */,
				96B389051AE01CF200BCB31C /* Release */,
			);
			defaultConfigurationIsVisible = 0;
		};
/* End XCConfigurationList section */
	};
	rootObject = 96B388D91AE01CF200BCB31C /* Project object */;
}
